// !$*UTF8*$!
{
	archiveVersion = 1;
	classes = {
	};
	objectVersion = 56;
	objects = {

/* Begin PBXBuildFile section */
		E1405F5E2DB8C5EC00681597 /* Task.m in Sources */ = {isa = PBXBuildFile; fileRef = E1405F5C2DB8C5EC00681597 /* Task.m */; };
		E1405F5F2DB8C5EC00681597 /* TaskTableViewCell.m in Sources */ = {isa = PBXBuildFile; fileRef = E1405F5D2DB8C5EC00681597 /* TaskTableViewCell.m */; };
		E1405F622DB8C89500681597 /* TasksTableViewController.m in Sources */ = {isa = PBXBuildFile; fileRef = E1405F612DB8C89500681597 /* TasksTableViewController.m */; };
		E1405F652DB8D07200681597 /* EditDetailsViewController.m in Sources */ = {isa = PBXBuildFile; fileRef = E1405F642DB8D07200681597 /* EditDetailsViewController.m */; };
		E1405F682DB8D6C100681597 /* AddTaskViewController.m in Sources */ = {isa = PBXBuildFile; fileRef = E1405F672DB8D6C100681597 /* AddTaskViewController.m */; };
		E1405F6D2DB8E11A00681597 /* TaskManager.m in Sources */ = {isa = PBXBuildFile; fileRef = E1405F6C2DB8E11A00681597 /* TaskManager.m */; };
		E16D8D302DB833FC00C51059 /* AppDelegate.m in Sources */ = {isa = PBXBuildFile; fileRef = E16D8D2F2DB833FC00C51059 /* AppDelegate.m */; };
		E16D8D332DB833FC00C51059 /* SceneDelegate.m in Sources */ = {isa = PBXBuildFile; fileRef = E16D8D322DB833FC00C51059 /* SceneDelegate.m */; };
		E16D8D362DB833FC00C51059 /* ViewController.m in Sources */ = {isa = PBXBuildFile; fileRef = E16D8D352DB833FC00C51059 /* ViewController.m */; };
		E16D8D392DB833FC00C51059 /* Main.storyboard in Resources */ = {isa = PBXBuildFile; fileRef = E16D8D372DB833FC00C51059 /* Main.storyboard */; };
		E16D8D3B2DB833FD00C51059 /* Assets.xcassets in Resources */ = {isa = PBXBuildFile; fileRef = E16D8D3A2DB833FD00C51059 /* Assets.xcassets */; };
		E16D8D3E2DB833FD00C51059 /* LaunchScreen.storyboard in Resources */ = {isa = PBXBuildFile; fileRef = E16D8D3C2DB833FD00C51059 /* LaunchScreen.storyboard */; };
		E16D8D412DB833FD00C51059 /* main.m in Sources */ = {isa = PBXBuildFile; fileRef = E16D8D402DB833FD00C51059 /* main.m */; };
		E16D8D4B2DB833FE00C51059 /* ToDoListAppTests.m in Sources */ = {isa = PBXBuildFile; fileRef = E16D8D4A2DB833FE00C51059 /* ToDoListAppTests.m */; };
		E16D8D552DB833FE00C51059 /* ToDoListAppUITests.m in Sources */ = {isa = PBXBuildFile; fileRef = E16D8D542DB833FE00C51059 /* ToDoListAppUITests.m */; };
		E16D8D572DB833FE00C51059 /* ToDoListAppUITestsLaunchTests.m in Sources */ = {isa = PBXBuildFile; fileRef = E16D8D562DB833FE00C51059 /* ToDoListAppUITestsLaunchTests.m */; };
/* End PBXBuildFile section */

/* Begin PBXContainerItemProxy section */
		E16D8D472DB833FE00C51059 /* PBXContainerItemProxy */ = {
			isa = PBXContainerItemProxy;
			containerPortal = E16D8D232DB833FC00C51059 /* Project object */;
			proxyType = 1;
			remoteGlobalIDString = E16D8D2A2DB833FC00C51059;
			remoteInfo = ToDoListApp;
		};
		E16D8D512DB833FE00C51059 /* PBXContainerItemProxy */ = {
			isa = PBXContainerItemProxy;
			containerPortal = E16D8D232DB833FC00C51059 /* Project object */;
			proxyType = 1;
			remoteGlobalIDString = E16D8D2A2DB833FC00C51059;
			remoteInfo = ToDoListApp;
		};
/* End PBXContainerItemProxy section */

/* Begin PBXFileReference section */
		E1405F5A2DB8C5EC00681597 /* TaskTableViewCell.h */ = {isa = PBXFileReference; fileEncoding = 4; lastKnownFileType = sourcecode.c.h; path = TaskTableViewCell.h; sourceTree = "<group>"; };
		E1405F5B2DB8C5EC00681597 /* Task.h */ = {isa = PBXFileReference; fileEncoding = 4; lastKnownFileType = sourcecode.c.h; path = Task.h; sourceTree = "<group>"; };
		E1405F5C2DB8C5EC00681597 /* Task.m */ = {isa = PBXFileReference; fileEncoding = 4; lastKnownFileType = sourcecode.c.objc; path = Task.m; sourceTree = "<group>"; };
		E1405F5D2DB8C5EC00681597 /* TaskTableViewCell.m */ = {isa = PBXFileReference; fileEncoding = 4; lastKnownFileType = sourcecode.c.objc; path = TaskTableViewCell.m; sourceTree = "<group>"; };
		E1405F602DB8C89500681597 /* TasksTableViewController.h */ = {isa = PBXFileReference; lastKnownFileType = sourcecode.c.h; path = TasksTableViewController.h; sourceTree = "<group>"; };
		E1405F612DB8C89500681597 /* TasksTableViewController.m */ = {isa = PBXFileReference; lastKnownFileType = sourcecode.c.objc; path = TasksTableViewController.m; sourceTree = "<group>"; };
		E1405F632DB8D07200681597 /* EditDetailsViewController.h */ = {isa = PBXFileReference; lastKnownFileType = sourcecode.c.h; path = EditDetailsViewController.h; sourceTree = "<group>"; };
		E1405F642DB8D07200681597 /* EditDetailsViewController.m */ = {isa = PBXFileReference; lastKnownFileType = sourcecode.c.objc; path = EditDetailsViewController.m; sourceTree = "<group>"; };
		E1405F662DB8D6C100681597 /* AddTaskViewController.h */ = {isa = PBXFileReference; lastKnownFileType = sourcecode.c.h; path = AddTaskViewController.h; sourceTree = "<group>"; };
		E1405F672DB8D6C100681597 /* AddTaskViewController.m */ = {isa = PBXFileReference; lastKnownFileType = sourcecode.c.objc; path = AddTaskViewController.m; sourceTree = "<group>"; };
		E1405F6A2DB8DEE200681597 /* AddTaskDelegate.h */ = {isa = PBXFileReference; lastKnownFileType = sourcecode.c.h; path = AddTaskDelegate.h; sourceTree = "<group>"; };
		E1405F6B2DB8E11A00681597 /* TaskManager.h */ = {isa = PBXFileReference; lastKnownFileType = sourcecode.c.h; path = TaskManager.h; sourceTree = "<group>"; };
		E1405F6C2DB8E11A00681597 /* TaskManager.m */ = {isa = PBXFileReference; lastKnownFileType = sourcecode.c.objc; path = TaskManager.m; sourceTree = "<group>"; };
		E16D8D2B2DB833FC00C51059 /* ToDoListApp.app */ = {isa = PBXFileReference; explicitFileType = wrapper.application; includeInIndex = 0; path = ToDoListApp.app; sourceTree = BUILT_PRODUCTS_DIR; };
		E16D8D2E2DB833FC00C51059 /* AppDelegate.h */ = {isa = PBXFileReference; lastKnownFileType = sourcecode.c.h; path = AppDelegate.h; sourceTree = "<group>"; };
		E16D8D2F2DB833FC00C51059 /* AppDelegate.m */ = {isa = PBXFileReference; lastKnownFileType = sourcecode.c.objc; path = AppDelegate.m; sourceTree = "<group>"; };
		E16D8D312DB833FC00C51059 /* SceneDelegate.h */ = {isa = PBXFileReference; lastKnownFileType = sourcecode.c.h; path = SceneDelegate.h; sourceTree = "<group>"; };
		E16D8D322DB833FC00C51059 /* SceneDelegate.m */ = {isa = PBXFileReference; lastKnownFileType = sourcecode.c.objc; path = SceneDelegate.m; sourceTree = "<group>"; };
		E16D8D342DB833FC00C51059 /* ViewController.h */ = {isa = PBXFileReference; lastKnownFileType = sourcecode.c.h; path = ViewController.h; sourceTree = "<group>"; };
		E16D8D352DB833FC00C51059 /* ViewController.m */ = {isa = PBXFileReference; lastKnownFileType = sourcecode.c.objc; path = ViewController.m; sourceTree = "<group>"; };
		E16D8D382DB833FC00C51059 /* Base */ = {isa = PBXFileReference; lastKnownFileType = file.storyboard; name = Base; path = Base.lproj/Main.storyboard; sourceTree = "<group>"; };
		E16D8D3A2DB833FD00C51059 /* Assets.xcassets */ = {isa = PBXFileReference; lastKnownFileType = folder.assetcatalog; path = Assets.xcassets; sourceTree = "<group>"; };
		E16D8D3D2DB833FD00C51059 /* Base */ = {isa = PBXFileReference; lastKnownFileType = file.storyboard; name = Base; path = Base.lproj/LaunchScreen.storyboard; sourceTree = "<group>"; };
		E16D8D3F2DB833FD00C51059 /* Info.plist */ = {isa = PBXFileReference; lastKnownFileType = text.plist.xml; path = Info.plist; sourceTree = "<group>"; };
		E16D8D402DB833FD00C51059 /* main.m */ = {isa = PBXFileReference; lastKnownFileType = sourcecode.c.objc; path = main.m; sourceTree = "<group>"; };
		E16D8D462DB833FE00C51059 /* ToDoListAppTests.xctest */ = {isa = PBXFileReference; explicitFileType = wrapper.cfbundle; includeInIndex = 0; path = ToDoListAppTests.xctest; sourceTree = BUILT_PRODUCTS_DIR; };
		E16D8D4A2DB833FE00C51059 /* ToDoListAppTests.m */ = {isa = PBXFileReference; lastKnownFileType = sourcecode.c.objc; path = ToDoListAppTests.m; sourceTree = "<group>"; };
		E16D8D502DB833FE00C51059 /* ToDoListAppUITests.xctest */ = {isa = PBXFileReference; explicitFileType = wrapper.cfbundle; includeInIndex = 0; path = ToDoListAppUITests.xctest; sourceTree = BUILT_PRODUCTS_DIR; };
		E16D8D542DB833FE00C51059 /* ToDoListAppUITests.m */ = {isa = PBXFileReference; lastKnownFileType = sourcecode.c.objc; path = ToDoListAppUITests.m; sourceTree = "<group>"; };
		E16D8D562DB833FE00C51059 /* ToDoListAppUITestsLaunchTests.m */ = {isa = PBXFileReference; lastKnownFileType = sourcecode.c.objc; path = ToDoListAppUITestsLaunchTests.m; sourceTree = "<group>"; };
/* End PBXFileReference section */

/* Begin PBXFrameworksBuildPhase section */
		E16D8D282DB833FC00C51059 /* Frameworks */ = {
			isa = PBXFrameworksBuildPhase;
			buildActionMask = 2147483647;
			files = (
			);
			runOnlyForDeploymentPostprocessing = 0;
		};
		E16D8D432DB833FE00C51059 /* Frameworks */ = {
			isa = PBXFrameworksBuildPhase;
			buildActionMask = 2147483647;
			files = (
			);
			runOnlyForDeploymentPostprocessing = 0;
		};
		E16D8D4D2DB833FE00C51059 /* Frameworks */ = {
			isa = PBXFrameworksBuildPhase;
			buildActionMask = 2147483647;
			files = (
			);
			runOnlyForDeploymentPostprocessing = 0;
		};
/* End PBXFrameworksBuildPhase section */

/* Begin PBXGroup section */
		E16D8D222DB833FC00C51059 = {
			isa = PBXGroup;
			children = (
				E16D8D2D2DB833FC00C51059 /* ToDoListApp */,
				E16D8D492DB833FE00C51059 /* ToDoListAppTests */,
				E16D8D532DB833FE00C51059 /* ToDoListAppUITests */,
				E16D8D2C2DB833FC00C51059 /* Products */,
			);
			sourceTree = "<group>";
		};
		E16D8D2C2DB833FC00C51059 /* Products */ = {
			isa = PBXGroup;
			children = (
				E16D8D2B2DB833FC00C51059 /* ToDoListApp.app */,
				E16D8D462DB833FE00C51059 /* ToDoListAppTests.xctest */,
				E16D8D502DB833FE00C51059 /* ToDoListAppUITests.xctest */,
			);
			name = Products;
			sourceTree = "<group>";
		};
		E16D8D2D2DB833FC00C51059 /* ToDoListApp */ = {
			isa = PBXGroup;
			children = (
				E1405F5B2DB8C5EC00681597 /* Task.h */,
				E1405F5C2DB8C5EC00681597 /* Task.m */,
				E1405F5A2DB8C5EC00681597 /* TaskTableViewCell.h */,
				E1405F5D2DB8C5EC00681597 /* TaskTableViewCell.m */,
				E16D8D2E2DB833FC00C51059 /* AppDelegate.h */,
				E16D8D2F2DB833FC00C51059 /* AppDelegate.m */,
				E16D8D312DB833FC00C51059 /* SceneDelegate.h */,
				E16D8D322DB833FC00C51059 /* SceneDelegate.m */,
				E16D8D342DB833FC00C51059 /* ViewController.h */,
				E16D8D352DB833FC00C51059 /* ViewController.m */,
				E16D8D372DB833FC00C51059 /* Main.storyboard */,
				E16D8D3A2DB833FD00C51059 /* Assets.xcassets */,
				E16D8D3C2DB833FD00C51059 /* LaunchScreen.storyboard */,
				E16D8D3F2DB833FD00C51059 /* Info.plist */,
				E16D8D402DB833FD00C51059 /* main.m */,
				E1405F602DB8C89500681597 /* TasksTableViewController.h */,
				E1405F612DB8C89500681597 /* TasksTableViewController.m */,
				E1405F632DB8D07200681597 /* EditDetailsViewController.h */,
				E1405F642DB8D07200681597 /* EditDetailsViewController.m */,
				E1405F662DB8D6C100681597 /* AddTaskViewController.h */,
				E1405F672DB8D6C100681597 /* AddTaskViewController.m */,
				E1405F6A2DB8DEE200681597 /* AddTaskDelegate.h */,
				E1405F6B2DB8E11A00681597 /* TaskManager.h */,
				E1405F6C2DB8E11A00681597 /* TaskManager.m */,
			);
			path = ToDoListApp;
			sourceTree = "<group>";
		};
		E16D8D492DB833FE00C51059 /* ToDoListAppTests */ = {
			isa = PBXGroup;
			children = (
				E16D8D4A2DB833FE00C51059 /* ToDoListAppTests.m */,
			);
			path = ToDoListAppTests;
			sourceTree = "<group>";
		};
		E16D8D532DB833FE00C51059 /* ToDoListAppUITests */ = {
			isa = PBXGroup;
			children = (
				E16D8D542DB833FE00C51059 /* ToDoListAppUITests.m */,
				E16D8D562DB833FE00C51059 /* ToDoListAppUITestsLaunchTests.m */,
			);
			path = ToDoListAppUITests;
			sourceTree = "<group>";
		};
/* End PBXGroup section */

/* Begin PBXNativeTarget section */
		E16D8D2A2DB833FC00C51059 /* ToDoListApp */ = {
			isa = PBXNativeTarget;
			buildConfigurationList = E16D8D5A2DB833FE00C51059 /* Build configuration list for PBXNativeTarget "ToDoListApp" */;
			buildPhases = (
				E16D8D272DB833FC00C51059 /* Sources */,
				E16D8D282DB833FC00C51059 /* Frameworks */,
				E16D8D292DB833FC00C51059 /* Resources */,
			);
			buildRules = (
			);
			dependencies = (
			);
			name = ToDoListApp;
			productName = ToDoListApp;
			productReference = E16D8D2B2DB833FC00C51059 /* ToDoListApp.app */;
			productType = "com.apple.product-type.application";
		};
		E16D8D452DB833FE00C51059 /* ToDoListAppTests */ = {
			isa = PBXNativeTarget;
			buildConfigurationList = E16D8D5D2DB833FE00C51059 /* Build configuration list for PBXNativeTarget "ToDoListAppTests" */;
			buildPhases = (
				E16D8D422DB833FE00C51059 /* Sources */,
				E16D8D432DB833FE00C51059 /* Frameworks */,
				E16D8D442DB833FE00C51059 /* Resources */,
			);
			buildRules = (
			);
			dependencies = (
				E16D8D482DB833FE00C51059 /* PBXTargetDependency */,
			);
			name = ToDoListAppTests;
			productName = ToDoListAppTests;
			productReference = E16D8D462DB833FE00C51059 /* ToDoListAppTests.xctest */;
			productType = "com.apple.product-type.bundle.unit-test";
		};
		E16D8D4F2DB833FE00C51059 /* ToDoListAppUITests */ = {
			isa = PBXNativeTarget;
			buildConfigurationList = E16D8D602DB833FE00C51059 /* Build configuration list for PBXNativeTarget "ToDoListAppUITests" */;
			buildPhases = (
				E16D8D4C2DB833FE00C51059 /* Sources */,
				E16D8D4D2DB833FE00C51059 /* Frameworks */,
				E16D8D4E2DB833FE00C51059 /* Resources */,
			);
			buildRules = (
			);
			dependencies = (
				E16D8D522DB833FE00C51059 /* PBXTargetDependency */,
			);
			name = ToDoListAppUITests;
			productName = ToDoListAppUITests;
			productReference = E16D8D502DB833FE00C51059 /* ToDoListAppUITests.xctest */;
			productType = "com.apple.product-type.bundle.ui-testing";
		};
/* End PBXNativeTarget section */

/* Begin PBXProject section */
		E16D8D232DB833FC00C51059 /* Project object */ = {
			isa = PBXProject;
			attributes = {
				BuildIndependentTargetsInParallel = 1;
				LastUpgradeCheck = 1420;
				TargetAttributes = {
					E16D8D2A2DB833FC00C51059 = {
						CreatedOnToolsVersion = 14.2;
					};
					E16D8D452DB833FE00C51059 = {
						CreatedOnToolsVersion = 14.2;
						TestTargetID = E16D8D2A2DB833FC00C51059;
					};
					E16D8D4F2DB833FE00C51059 = {
						CreatedOnToolsVersion = 14.2;
						TestTargetID = E16D8D2A2DB833FC00C51059;
					};
				};
			};
			buildConfigurationList = E16D8D262DB833FC00C51059 /* Build configuration list for PBXProject "ToDoListApp" */;
			compatibilityVersion = "Xcode 14.0";
			developmentRegion = en;
			hasScannedForEncodings = 0;
			knownRegions = (
				en,
				Base,
			);
			mainGroup = E16D8D222DB833FC00C51059;
			productRefGroup = E16D8D2C2DB833FC00C51059 /* Products */;
			projectDirPath = "";
			projectRoot = "";
			targets = (
				E16D8D2A2DB833FC00C51059 /* ToDoListApp */,
				E16D8D452DB833FE00C51059 /* ToDoListAppTests */,
				E16D8D4F2DB833FE00C51059 /* ToDoListAppUITests */,
			);
		};
/* End PBXProject section */

/* Begin PBXResourcesBuildPhase section */
		E16D8D292DB833FC00C51059 /* Resources */ = {
			isa = PBXResourcesBuildPhase;
			buildActionMask = 2147483647;
			files = (
				E16D8D3E2DB833FD00C51059 /* LaunchScreen.storyboard in Resources */,
				E16D8D3B2DB833FD00C51059 /* Assets.xcassets in Resources */,
				E16D8D392DB833FC00C51059 /* Main.storyboard in Resources */,
			);
			runOnlyForDeploymentPostprocessing = 0;
		};
		E16D8D442DB833FE00C51059 /* Resources */ = {
			isa = PBXResourcesBuildPhase;
			buildActionMask = 2147483647;
			files = (
			);
			runOnlyForDeploymentPostprocessing = 0;
		};
		E16D8D4E2DB833FE00C51059 /* Resources */ = {
			isa = PBXResourcesBuildPhase;
			buildActionMask = 2147483647;
			files = (
			);
			runOnlyForDeploymentPostprocessing = 0;
		};
/* End PBXResourcesBuildPhase section */

/* Begin PBXSourcesBuildPhase section */
		E16D8D272DB833FC00C51059 /* Sources */ = {
			isa = PBXSourcesBuildPhase;
			buildActionMask = 2147483647;
			files = (
				E1405F5E2DB8C5EC00681597 /* Task.m in Sources */,
				E1405F652DB8D07200681597 /* EditDetailsViewController.m in Sources */,
				E16D8D362DB833FC00C51059 /* ViewController.m in Sources */,
				E1405F5F2DB8C5EC00681597 /* TaskTableViewCell.m in Sources */,
				E1405F6D2DB8E11A00681597 /* TaskManager.m in Sources */,
				E16D8D302DB833FC00C51059 /* AppDelegate.m in Sources */,
				E1405F622DB8C89500681597 /* TasksTableViewController.m in Sources */,
				E16D8D412DB833FD00C51059 /* main.m in Sources */,
				E1405F682DB8D6C100681597 /* AddTaskViewController.m in Sources */,
				E16D8D332DB833FC00C51059 /* SceneDelegate.m in Sources */,
			);
			runOnlyForDeploymentPostprocessing = 0;
		};
		E16D8D422DB833FE00C51059 /* Sources */ = {
			isa = PBXSourcesBuildPhase;
			buildActionMask = 2147483647;
			files = (
				E16D8D4B2DB833FE00C51059 /* ToDoListAppTests.m in Sources */,
			);
			runOnlyForDeploymentPostprocessing = 0;
		};
		E16D8D4C2DB833FE00C51059 /* Sources */ = {
			isa = PBXSourcesBuildPhase;
			buildActionMask = 2147483647;
			files = (
				E16D8D572DB833FE00C51059 /* ToDoListAppUITestsLaunchTests.m in Sources */,
				E16D8D552DB833FE00C51059 /* ToDoListAppUITests.m in Sources */,
			);
			runOnlyForDeploymentPostprocessing = 0;
		};
/* End PBXSourcesBuildPhase section */

/* Begin PBXTargetDependency section */
		E16D8D482DB833FE00C51059 /* PBXTargetDependency */ = {
			isa = PBXTargetDependency;
			target = E16D8D2A2DB833FC00C51059 /* ToDoListApp */;
			targetProxy = E16D8D472DB833FE00C51059 /* PBXContainerItemProxy */;
		};
		E16D8D522DB833FE00C51059 /* PBXTargetDependency */ = {
			isa = PBXTargetDependency;
			target = E16D8D2A2DB833FC00C51059 /* ToDoListApp */;
			targetProxy = E16D8D512DB833FE00C51059 /* PBXContainerItemProxy */;
		};
/* End PBXTargetDependency section */

/* Begin PBXVariantGroup section */
		E16D8D372DB833FC00C51059 /* Main.storyboard */ = {
			isa = PBXVariantGroup;
			children = (
				E16D8D382DB833FC00C51059 /* Base */,
			);
			name = Main.storyboard;
			sourceTree = "<group>";
		};
		E16D8D3C2DB833FD00C51059 /* LaunchScreen.storyboard */ = {
			isa = PBXVariantGroup;
			children = (
				E16D8D3D2DB833FD00C51059 /* Base */,
			);
			name = LaunchScreen.storyboard;
			sourceTree = "<group>";
		};
/* End PBXVariantGroup section */

/* Begin XCBuildConfiguration section */
		E16D8D582DB833FE00C51059 /* Debug */ = {
			isa = XCBuildConfiguration;
			buildSettings = {
				ALWAYS_SEARCH_USER_PATHS = NO;
				CLANG_ANALYZER_NONNULL = YES;
				CLANG_ANALYZER_NUMBER_OBJECT_CONVERSION = YES_AGGRESSIVE;
				CLANG_CXX_LANGUAGE_STANDARD = "gnu++20";
				CLANG_ENABLE_MODULES = YES;
				CLANG_ENABLE_OBJC_ARC = YES;
				CLANG_ENABLE_OBJC_WEAK = YES;
				CLANG_WARN_BLOCK_CAPTURE_AUTORELEASING = YES;
				CLANG_WARN_BOOL_CONVERSION = YES;
				CLANG_WARN_COMMA = YES;
				CLANG_WARN_CONSTANT_CONVERSION = YES;
				CLANG_WARN_DEPRECATED_OBJC_IMPLEMENTATIONS = YES;
				CLANG_WARN_DIRECT_OBJC_ISA_USAGE = YES_ERROR;
				CLANG_WARN_DOCUMENTATION_COMMENTS = YES;
				CLANG_WARN_EMPTY_BODY = YES;
				CLANG_WARN_ENUM_CONVERSION = YES;
				CLANG_WARN_INFINITE_RECURSION = YES;
				CLANG_WARN_INT_CONVERSION = YES;
				CLANG_WARN_NON_LITERAL_NULL_CONVERSION = YES;
				CLANG_WARN_OBJC_IMPLICIT_RETAIN_SELF = YES;
				CLANG_WARN_OBJC_LITERAL_CONVERSION = YES;
				CLANG_WARN_OBJC_ROOT_CLASS = YES_ERROR;
				CLANG_WARN_QUOTED_INCLUDE_IN_FRAMEWORK_HEADER = YES;
				CLANG_WARN_RANGE_LOOP_ANALYSIS = YES;
				CLANG_WARN_STRICT_PROTOTYPES = YES;
				CLANG_WARN_SUSPICIOUS_MOVE = YES;
				CLANG_WARN_UNGUARDED_AVAILABILITY = YES_AGGRESSIVE;
				CLANG_WARN_UNREACHABLE_CODE = YES;
				CLANG_WARN__DUPLICATE_METHOD_MATCH = YES;
				COPY_PHASE_STRIP = NO;
				DEBUG_INFORMATION_FORMAT = dwarf;
				ENABLE_STRICT_OBJC_MSGSEND = YES;
				ENABLE_TESTABILITY = YES;
				GCC_C_LANGUAGE_STANDARD = gnu11;
				GCC_DYNAMIC_NO_PIC = NO;
				GCC_NO_COMMON_BLOCKS = YES;
				GCC_OPTIMIZATION_LEVEL = 0;
				GCC_PREPROCESSOR_DEFINITIONS = (
					"DEBUG=1",
					"$(inherited)",
				);
				GCC_WARN_64_TO_32_BIT_CONVERSION = YES;
				GCC_WARN_ABOUT_RETURN_TYPE = YES_ERROR;
				GCC_WARN_UNDECLARED_SELECTOR = YES;
				GCC_WARN_UNINITIALIZED_AUTOS = YES_AGGRESSIVE;
				GCC_WARN_UNUSED_FUNCTION = YES;
				GCC_WARN_UNUSED_VARIABLE = YES;
				IPHONEOS_DEPLOYMENT_TARGET = 16.2;
				MTL_ENABLE_DEBUG_INFO = INCLUDE_SOURCE;
				MTL_FAST_MATH = YES;
				ONLY_ACTIVE_ARCH = YES;
				SDKROOT = iphoneos;
			};
			name = Debug;
		};
		E16D8D592DB833FE00C51059 /* Release */ = {
			isa = XCBuildConfiguration;
			buildSettings = {
				ALWAYS_SEARCH_USER_PATHS = NO;
				CLANG_ANALYZER_NONNULL = YES;
				CLANG_ANALYZER_NUMBER_OBJECT_CONVERSION = YES_AGGRESSIVE;
				CLANG_CXX_LANGUAGE_STANDARD = "gnu++20";
				CLANG_ENABLE_MODULES = YES;
				CLANG_ENABLE_OBJC_ARC = YES;
				CLANG_ENABLE_OBJC_WEAK = YES;
				CLANG_WARN_BLOCK_CAPTURE_AUTORELEASING = YES;
				CLANG_WARN_BOOL_CONVERSION = YES;
				CLANG_WARN_COMMA = YES;
				CLANG_WARN_CONSTANT_CONVERSION = YES;
				CLANG_WARN_DEPRECATED_OBJC_IMPLEMENTATIONS = YES;
				CLANG_WARN_DIRECT_OBJC_ISA_USAGE = YES_ERROR;
				CLANG_WARN_DOCUMENTATION_COMMENTS = YES;
				CLANG_WARN_EMPTY_BODY = YES;
				CLANG_WARN_ENUM_CONVERSION = YES;
				CLANG_WARN_INFINITE_RECURSION = YES;
				CLANG_WARN_INT_CONVERSION = YES;
				CLANG_WARN_NON_LITERAL_NULL_CONVERSION = YES;
				CLANG_WARN_OBJC_IMPLICIT_RETAIN_SELF = YES;
				CLANG_WARN_OBJC_LITERAL_CONVERSION = YES;
				CLANG_WARN_OBJC_ROOT_CLASS = YES_ERROR;
				CLANG_WARN_QUOTED_INCLUDE_IN_FRAMEWORK_HEADER = YES;
				CLANG_WARN_RANGE_LOOP_ANALYSIS = YES;
				CLANG_WARN_STRICT_PROTOTYPES = YES;
				CLANG_WARN_SUSPICIOUS_MOVE = YES;
				CLANG_WARN_UNGUARDED_AVAILABILITY = YES_AGGRESSIVE;
				CLANG_WARN_UNREACHABLE_CODE = YES;
				CLANG_WARN__DUPLICATE_METHOD_MATCH = YES;
				COPY_PHASE_STRIP = NO;
				DEBUG_INFORMATION_FORMAT = "dwarf-with-dsym";
				ENABLE_NS_ASSERTIONS = NO;
				ENABLE_STRICT_OBJC_MSGSEND = YES;
				GCC_C_LANGUAGE_STANDARD = gnu11;
				GCC_NO_COMMON_BLOCKS = YES;
				GCC_WARN_64_TO_32_BIT_CONVERSION = YES;
				GCC_WARN_ABOUT_RETURN_TYPE = YES_ERROR;
				GCC_WARN_UNDECLARED_SELECTOR = YES;
				GCC_WARN_UNINITIALIZED_AUTOS = YES_AGGRESSIVE;
				GCC_WARN_UNUSED_FUNCTION = YES;
				GCC_WARN_UNUSED_VARIABLE = YES;
				IPHONEOS_DEPLOYMENT_TARGET = 16.2;
				MTL_ENABLE_DEBUG_INFO = NO;
				MTL_FAST_MATH = YES;
				SDKROOT = iphoneos;
				VALIDATE_PRODUCT = YES;
			};
			name = Release;
		};
		E16D8D5B2DB833FE00C51059 /* Debug */ = {
			isa = XCBuildConfiguration;
			buildSettings = {
				ASSETCATALOG_COMPILER_APPICON_NAME = AppIcon;
				ASSETCATALOG_COMPILER_GLOBAL_ACCENT_COLOR_NAME = AccentColor;
				CODE_SIGN_STYLE = Automatic;
				CURRENT_PROJECT_VERSION = 1;
				GENERATE_INFOPLIST_FILE = YES;
				INFOPLIST_FILE = ToDoListApp/Info.plist;
				INFOPLIST_KEY_UIApplicationSupportsIndirectInputEvents = YES;
				INFOPLIST_KEY_UILaunchStoryboardName = LaunchScreen;
				INFOPLIST_KEY_UIMainStoryboardFile = Main;
				INFOPLIST_KEY_UISupportedInterfaceOrientations_iPad = "UIInterfaceOrientationPortrait UIInterfaceOrientationPortraitUpsideDown UIInterfaceOrientationLandscapeLeft UIInterfaceOrientationLandscapeRight";
				INFOPLIST_KEY_UISupportedInterfaceOrientations_iPhone = "UIInterfaceOrientationPortrait UIInterfaceOrientationLandscapeLeft UIInterfaceOrientationLandscapeRight";
				IPHONEOS_DEPLOYMENT_TARGET = 16.2;
				LD_RUNPATH_SEARCH_PATHS = (
					"$(inherited)",
					"@executable_path/Frameworks",
				);
				MARKETING_VERSION = 1.0;
				PRODUCT_BUNDLE_IDENTIFIER = "-.ToDoListApp";
				PRODUCT_NAME = "$(TARGET_NAME)";
				SWIFT_EMIT_LOC_STRINGS = YES;
				TARGETED_DEVICE_FAMILY = "1,2";
			};
			name = Debug;
		};
		E16D8D5C2DB833FE00C51059 /* Release */ = {
			isa = XCBuildConfiguration;
			buildSettings = {
				ASSETCATALOG_COMPILER_APPICON_NAME = AppIcon;
				ASSETCATALOG_COMPILER_GLOBAL_ACCENT_COLOR_NAME = AccentColor;
				CODE_SIGN_STYLE = Automatic;
				CURRENT_PROJECT_VERSION = 1;
				GENERATE_INFOPLIST_FILE = YES;
				INFOPLIST_FILE = ToDoListApp/Info.plist;
				INFOPLIST_KEY_UIApplicationSupportsIndirectInputEvents = YES;
				INFOPLIST_KEY_UILaunchStoryboardName = LaunchScreen;
				INFOPLIST_KEY_UIMainStoryboardFile = Main;
				INFOPLIST_KEY_UISupportedInterfaceOrientations_iPad = "UIInterfaceOrientationPortrait UIInterfaceOrientationPortraitUpsideDown UIInterfaceOrientationLandscapeLeft UIInterfaceOrientationLandscapeRight";
				INFOPLIST_KEY_UISupportedInterfaceOrientations_iPhone = "UIInterfaceOrientationPortrait UIInterfaceOrientationLandscapeLeft UIInterfaceOrientationLandscapeRight";
				IPHONEOS_DEPLOYMENT_TARGET = 16.2;
				LD_RUNPATH_SEARCH_PATHS = (
					"$(inherited)",
					"@executable_path/Frameworks",
				);
				MARKETING_VERSION = 1.0;
				PRODUCT_BUNDLE_IDENTIFIER = "-.ToDoListApp";
				PRODUCT_NAME = "$(TARGET_NAME)";
				SWIFT_EMIT_LOC_STRINGS = YES;
				TARGETED_DEVICE_FAMILY = "1,2";
			};
			name = Release;
		};
		E16D8D5E2DB833FE00C51059 /* Debug */ = {
			isa = XCBuildConfiguration;
			buildSettings = {
				BUNDLE_LOADER = "$(TEST_HOST)";
				CODE_SIGN_STYLE = Automatic;
				CURRENT_PROJECT_VERSION = 1;
				GENERATE_INFOPLIST_FILE = YES;
				IPHONEOS_DEPLOYMENT_TARGET = 16.2;
				MARKETING_VERSION = 1.0;
				PRODUCT_BUNDLE_IDENTIFIER = "-.ToDoListAppTests";
				PRODUCT_NAME = "$(TARGET_NAME)";
				SWIFT_EMIT_LOC_STRINGS = NO;
				TARGETED_DEVICE_FAMILY = "1,2";
				TEST_HOST = "$(BUILT_PRODUCTS_DIR)/ToDoListApp.app/$(BUNDLE_EXECUTABLE_FOLDER_PATH)/ToDoListApp";
			};
			name = Debug;
		};
		E16D8D5F2DB833FE00C51059 /* Release */ = {
			isa = XCBuildConfiguration;
			buildSettings = {
				BUNDLE_LOADER = "$(TEST_HOST)";
				CODE_SIGN_STYLE = Automatic;
				CURRENT_PROJECT_VERSION = 1;
				GENERATE_INFOPLIST_FILE = YES;
				IPHONEOS_DEPLOYMENT_TARGET = 16.2;
				MARKETING_VERSION = 1.0;
				PRODUCT_BUNDLE_IDENTIFIER = "-.ToDoListAppTests";
				PRODUCT_NAME = "$(TARGET_NAME)";
				SWIFT_EMIT_LOC_STRINGS = NO;
				TARGETED_DEVICE_FAMILY = "1,2";
				TEST_HOST = "$(BUILT_PRODUCTS_DIR)/ToDoListApp.app/$(BUNDLE_EXECUTABLE_FOLDER_PATH)/ToDoListApp";
			};
			name = Release;
		};
		E16D8D612DB833FE00C51059 /* Debug */ = {
			isa = XCBuildConfiguration;
			buildSettings = {
				CODE_SIGN_STYLE = Automatic;
				CURRENT_PROJECT_VERSION = 1;
				GENERATE_INFOPLIST_FILE = YES;
				MARKETING_VERSION = 1.0;
				PRODUCT_BUNDLE_IDENTIFIER = "-.ToDoListAppUITests";
				PRODUCT_NAME = "$(TARGET_NAME)";
				SWIFT_EMIT_LOC_STRINGS = NO;
				TARGETED_DEVICE_FAMILY = "1,2";
				TEST_TARGET_NAME = ToDoListApp;
			};
			name = Debug;
		};
		E16D8D622DB833FE00C51059 /* Release */ = {
			isa = XCBuildConfiguration;
			buildSettings = {
				CODE_SIGN_STYLE = Automatic;
				CURRENT_PROJECT_VERSION = 1;
				GENERATE_INFOPLIST_FILE = YES;
				MARKETING_VERSION = 1.0;
				PRODUCT_BUNDLE_IDENTIFIER = "-.ToDoListAppUITests";
				PRODUCT_NAME = "$(TARGET_NAME)";
				SWIFT_EMIT_LOC_STRINGS = NO;
				TARGETED_DEVICE_FAMILY = "1,2";
				TEST_TARGET_NAME = ToDoListApp;
			};
			name = Release;
		};
/* End XCBuildConfiguration section */

/* Begin XCConfigurationList section */
		E16D8D262DB833FC00C51059 /* Build configuration list for PBXProject "ToDoListApp" */ = {
			isa = XCConfigurationList;
			buildConfigurations = (
				E16D8D582DB833FE00C51059 /* Debug */,
				E16D8D592DB833FE00C51059 /* Release */,
			);
			defaultConfigurationIsVisible = 0;
			defaultConfigurationName = Release;
		};
		E16D8D5A2DB833FE00C51059 /* Build configuration list for PBXNativeTarget "ToDoListApp" */ = {
			isa = XCConfigurationList;
			buildConfigurations = (
				E16D8D5B2DB833FE00C51059 /* Debug */,
				E16D8D5C2DB833FE00C51059 /* Release */,
			);
			defaultConfigurationIsVisible = 0;
			defaultConfigurationName = Release;
		};
		E16D8D5D2DB833FE00C51059 /* Build configuration list for PBXNativeTarget "ToDoListAppTests" */ = {
			isa = XCConfigurationList;
			buildConfigurations = (
				E16D8D5E2DB833FE00C51059 /* Debug */,
				E16D8D5F2DB833FE00C51059 /* Release */,
			);
			defaultConfigurationIsVisible = 0;
			defaultConfigurationName = Release;
		};
		E16D8D602DB833FE00C51059 /* Build configuration list for PBXNativeTarget "ToDoListAppUITests" */ = {
			isa = XCConfigurationList;
			buildConfigurations = (
				E16D8D612DB833FE00C51059 /* Debug */,
				E16D8D622DB833FE00C51059 /* Release */,
			);
			defaultConfigurationIsVisible = 0;
			defaultConfigurationName = Release;
		};
/* End XCConfigurationList section */
	};
	rootObject = E16D8D232DB833FC00C51059 /* Project object */;
}
